
Microsoft Visual Studio Solution File, Format Version 12.00
# Visual Studio Version 16
VisualStudioVersion = 16.0.31702.278
MinimumVisualStudioVersion = 10.0.40219.1
Project("{FAE04EC0-301F-11D3-BF4B-00C04F79EFBC}") = "CrudAugustusFashion", "CrudAugustusFashion.csproj", "{DB71318A-2CD9-4DCB-86E9-68D9176368E4}"
EndProject
Project("{FAE04EC0-301F-11D3-BF4B-00C04F79EFBC}") = "CrudAugustusFashionTestes", "..\CrudAugustusFashionTestes\CrudAugustusFashionTestes.csproj", "{2641E509-643B-4C86-B5A6-D7562A7722FC}"
EndProject
Global
	GlobalSection(SolutionConfigurationPlatforms) = preSolution
		Debug|Any CPU = Debug|Any CPU
		Release|Any CPU = Release|Any CPU
	EndGlobalSection
	GlobalSection(ProjectConfigurationPlatforms) = postSolution
		{DB71318A-2CD9-4DCB-86E9-68D9176368E4}.Debug|Any CPU.ActiveCfg = Debug|Any CPU
		{DB71318A-2CD9-4DCB-86E9-68D9176368E4}.Debug|Any CPU.Build.0 = Debug|Any CPU
		{DB71318A-2CD9-4DCB-86E9-68D9176368E4}.Release|Any CPU.ActiveCfg = Release|Any CPU
		{DB71318A-2CD9-4DCB-86E9-68D9176368E4}.Release|Any CPU.Build.0 = Release|Any CPU
		{2641E509-643B-4C86-B5A6-D7562A7722FC}.Debug|Any CPU.ActiveCfg = Debug|Any CPU
		{2641E509-643B-4C86-B5A6-D7562A7722FC}.Debug|Any CPU.Build.0 = Debug|Any CPU
		{2641E509-643B-4C86-B5A6-D7562A7722FC}.Release|Any CPU.ActiveCfg = Release|Any CPU
		{2641E509-643B-4C86-B5A6-D7562A7722FC}.Release|Any CPU.Build.0 = Release|Any CPU
	EndGlobalSection
	GlobalSection(SolutionProperties) = preSolution
		HideSolutionNode = FALSE
	EndGlobalSection
	GlobalSection(ExtensibilityGlobals) = postSolution
		SolutionGuid = {8E455180-E947-4686-882F-9AAD4554CEDD}
	EndGlobalSection
EndGlobal
